// !$*UTF8*$!
{
	archiveVersion = 1;
	classes = {
	};
	objectVersion = 50;
	objects = {

/* Begin PBXBuildFile section */
		DEA9A2DC23C90E7E0020AD66 /* Main.storyboard in Resources */ = {isa = PBXBuildFile; fileRef = DE250D7923C901B200098773 /* Main.storyboard */; };
		DEA9A2DE23C90E9B0020AD66 /* BaseballCardViewController.swift in Sources */ = {isa = PBXBuildFile; fileRef = DEA9A2DD23C90E9B0020AD66 /* BaseballCardViewController.swift */; };
		DEA9A2E023C90EC40020AD66 /* Batter.swift in Sources */ = {isa = PBXBuildFile; fileRef = DEA9A2DF23C90EC30020AD66 /* Batter.swift */; };
		DEFFA7A923C6634A0084B78F /* AppDelegate.swift in Sources */ = {isa = PBXBuildFile; fileRef = DEFFA7A823C6634A0084B78F /* AppDelegate.swift */; };
		DEFFA7AB23C6634A0084B78F /* SceneDelegate.swift in Sources */ = {isa = PBXBuildFile; fileRef = DEFFA7AA23C6634A0084B78F /* SceneDelegate.swift */; };
		DEFFA7AD23C6634A0084B78F /* MainViewController.swift in Sources */ = {isa = PBXBuildFile; fileRef = DEFFA7AC23C6634A0084B78F /* MainViewController.swift */; };
		DEFFA7B223C6634B0084B78F /* Assets.xcassets in Resources */ = {isa = PBXBuildFile; fileRef = DEFFA7B123C6634B0084B78F /* Assets.xcassets */; };
		DEFFA7B523C6634B0084B78F /* LaunchScreen.storyboard in Resources */ = {isa = PBXBuildFile; fileRef = DEFFA7B323C6634B0084B78F /* LaunchScreen.storyboard */; };
/* End PBXBuildFile section */

/* Begin PBXFileReference section */
		DE250D7923C901B200098773 /* Main.storyboard */ = {isa = PBXFileReference; lastKnownFileType = file.storyboard; path = Main.storyboard; sourceTree = "<group>"; };
		DEA9A2DD23C90E9B0020AD66 /* BaseballCardViewController.swift */ = {isa = PBXFileReference; fileEncoding = 4; lastKnownFileType = sourcecode.swift; path = BaseballCardViewController.swift; sourceTree = "<group>"; };
		DEA9A2DF23C90EC30020AD66 /* Batter.swift */ = {isa = PBXFileReference; fileEncoding = 4; lastKnownFileType = sourcecode.swift; path = Batter.swift; sourceTree = "<group>"; };
		DEFFA7A523C6634A0084B78F /* DiceBaseball.app */ = {isa = PBXFileReference; explicitFileType = wrapper.application; includeInIndex = 0; path = DiceBaseball.app; sourceTree = BUILT_PRODUCTS_DIR; };
		DEFFA7A823C6634A0084B78F /* AppDelegate.swift */ = {isa = PBXFileReference; lastKnownFileType = sourcecode.swift; path = AppDelegate.swift; sourceTree = "<group>"; };
		DEFFA7AA23C6634A0084B78F /* SceneDelegate.swift */ = {isa = PBXFileReference; lastKnownFileType = sourcecode.swift; path = SceneDelegate.swift; sourceTree = "<group>"; };
		DEFFA7AC23C6634A0084B78F /* MainViewController.swift */ = {isa = PBXFileReference; lastKnownFileType = sourcecode.swift; path = MainViewController.swift; sourceTree = "<group>"; };
		DEFFA7B123C6634B0084B78F /* Assets.xcassets */ = {isa = PBXFileReference; lastKnownFileType = folder.assetcatalog; path = Assets.xcassets; sourceTree = "<group>"; };
		DEFFA7B423C6634B0084B78F /* Base */ = {isa = PBXFileReference; lastKnownFileType = file.storyboard; name = Base; path = Base.lproj/LaunchScreen.storyboard; sourceTree = "<group>"; };
		DEFFA7B623C6634B0084B78F /* Info.plist */ = {isa = PBXFileReference; lastKnownFileType = text.plist.xml; path = Info.plist; sourceTree = "<group>"; };
/* End PBXFileReference section */

/* Begin PBXFrameworksBuildPhase section */
		DEFFA7A223C6634A0084B78F /* Frameworks */ = {
			isa = PBXFrameworksBuildPhase;
			buildActionMask = 2147483647;
			files = (
			);
			runOnlyForDeploymentPostprocessing = 0;
		};
/* End PBXFrameworksBuildPhase section */

/* Begin PBXGroup section */
		DEA9A2E123C9134A0020AD66 /* Delegates */ = {
			isa = PBXGroup;
			children = (
				DEFFA7A823C6634A0084B78F /* AppDelegate.swift */,
				DEFFA7AA23C6634A0084B78F /* SceneDelegate.swift */,
			);
			path = Delegates;
			sourceTree = "<group>";
		};
		DEA9A2E223C913640020AD66 /* ViewControllers */ = {
			isa = PBXGroup;
			children = (
				DEFFA7AC23C6634A0084B78F /* MainViewController.swift */,
				DEA9A2DD23C90E9B0020AD66 /* BaseballCardViewController.swift */,
			);
			path = ViewControllers;
			sourceTree = "<group>";
		};
		DEA9A2E323C9138C0020AD66 /* Storyboards */ = {
			isa = PBXGroup;
			children = (
				DE250D7923C901B200098773 /* Main.storyboard */,
				DEFFA7B323C6634B0084B78F /* LaunchScreen.storyboard */,
			);
			path = Storyboards;
			sourceTree = "<group>";
		};
		DEA9A2E423C913AB0020AD66 /* Models */ = {
			isa = PBXGroup;
			children = (
				DEA9A2DF23C90EC30020AD66 /* Batter.swift */,
			);
			path = Models;
			sourceTree = "<group>";
		};
		DEA9A2E523C913BB0020AD66 /* Resources */ = {
			isa = PBXGroup;
			children = (
				DEFFA7B123C6634B0084B78F /* Assets.xcassets */,
				DEFFA7B623C6634B0084B78F /* Info.plist */,
			);
			path = Resources;
			sourceTree = "<group>";
		};
		DEFFA79C23C6634A0084B78F = {
			isa = PBXGroup;
			children = (
				DEFFA7A723C6634A0084B78F /* DiceBaseball */,
				DEFFA7A623C6634A0084B78F /* Products */,
			);
			sourceTree = "<group>";
		};
		DEFFA7A623C6634A0084B78F /* Products */ = {
			isa = PBXGroup;
			children = (
				DEFFA7A523C6634A0084B78F /* DiceBaseball.app */,
			);
			name = Products;
			sourceTree = "<group>";
		};
		DEFFA7A723C6634A0084B78F /* DiceBaseball */ = {
			isa = PBXGroup;
			children = (
				DEA9A2E523C913BB0020AD66 /* Resources */,
				DEA9A2E423C913AB0020AD66 /* Models */,
				DEA9A2E323C9138C0020AD66 /* Storyboards */,
				DEA9A2E223C913640020AD66 /* ViewControllers */,
				DEA9A2E123C9134A0020AD66 /* Delegates */,
			);
			path = DiceBaseball;
			sourceTree = "<group>";
		};
/* End PBXGroup section */

/* Begin PBXNativeTarget section */
		DEFFA7A423C6634A0084B78F /* DiceBaseball */ = {
			isa = PBXNativeTarget;
			buildConfigurationList = DEFFA7B923C6634B0084B78F /* Build configuration list for PBXNativeTarget "DiceBaseball" */;
			buildPhases = (
				DEFFA7A123C6634A0084B78F /* Sources */,
				DEFFA7A223C6634A0084B78F /* Frameworks */,
				DEFFA7A323C6634A0084B78F /* Resources */,
			);
			buildRules = (
			);
			dependencies = (
			);
			name = DiceBaseball;
			productName = DiceBaseball;
			productReference = DEFFA7A523C6634A0084B78F /* DiceBaseball.app */;
			productType = "com.apple.product-type.application";
		};
/* End PBXNativeTarget section */

/* Begin PBXProject section */
		DEFFA79D23C6634A0084B78F /* Project object */ = {
			isa = PBXProject;
			attributes = {
				LastSwiftUpdateCheck = 1130;
				LastUpgradeCheck = 1130;
				ORGANIZATIONNAME = "Grady Vickery";
				TargetAttributes = {
					DEFFA7A423C6634A0084B78F = {
						CreatedOnToolsVersion = 11.3;
					};
				};
			};
			buildConfigurationList = DEFFA7A023C6634A0084B78F /* Build configuration list for PBXProject "DiceBaseball" */;
			compatibilityVersion = "Xcode 9.3";
			developmentRegion = en;
			hasScannedForEncodings = 0;
			knownRegions = (
				en,
				Base,
			);
			mainGroup = DEFFA79C23C6634A0084B78F;
			productRefGroup = DEFFA7A623C6634A0084B78F /* Products */;
			projectDirPath = "";
			projectRoot = "";
			targets = (
				DEFFA7A423C6634A0084B78F /* DiceBaseball */,
			);
		};
/* End PBXProject section */

/* Begin PBXResourcesBuildPhase section */
		DEFFA7A323C6634A0084B78F /* Resources */ = {
			isa = PBXResourcesBuildPhase;
			buildActionMask = 2147483647;
			files = (
				DEA9A2DC23C90E7E0020AD66 /* Main.storyboard in Resources */,
				DEFFA7B523C6634B0084B78F /* LaunchScreen.storyboard in Resources */,
				DEFFA7B223C6634B0084B78F /* Assets.xcassets in Resources */,
			);
			runOnlyForDeploymentPostprocessing = 0;
		};
/* End PBXResourcesBuildPhase section */

/* Begin PBXSourcesBuildPhase section */
		DEFFA7A123C6634A0084B78F /* Sources */ = {
			isa = PBXSourcesBuildPhase;
			buildActionMask = 2147483647;
			files = (
				DEFFA7AD23C6634A0084B78F /* MainViewController.swift in Sources */,
				DEA9A2E023C90EC40020AD66 /* Batter.swift in Sources */,
				DEA9A2DE23C90E9B0020AD66 /* BaseballCardViewController.swift in Sources */,
				DEFFA7A923C6634A0084B78F /* AppDelegate.swift in Sources */,
				DEFFA7AB23C6634A0084B78F /* SceneDelegate.swift in Sources */,
			);
			runOnlyForDeploymentPostprocessing = 0;
		};
/* End PBXSourcesBuildPhase section */

/* Begin PBXVariantGroup section */
		DEFFA7B323C6634B0084B78F /* LaunchScreen.storyboard */ = {
			isa = PBXVariantGroup;
			children = (
				DEFFA7B423C6634B0084B78F /* Base */,
			);
			name = LaunchScreen.storyboard;
			sourceTree = "<group>";
		};
/* End PBXVariantGroup section */

/* Begin XCBuildConfiguration section */
		DEFFA7B723C6634B0084B78F /* Debug */ = {
			isa = XCBuildConfiguration;
			buildSettings = {
				ALWAYS_SEARCH_USER_PATHS = NO;
				CLANG_ANALYZER_NONNULL = YES;
				CLANG_ANALYZER_NUMBER_OBJECT_CONVERSION = YES_AGGRESSIVE;
				CLANG_CXX_LANGUAGE_STANDARD = "gnu++14";
				CLANG_CXX_LIBRARY = "libc++";
				CLANG_ENABLE_MODULES = YES;
				CLANG_ENABLE_OBJC_ARC = YES;
				CLANG_ENABLE_OBJC_WEAK = YES;
				CLANG_WARN_BLOCK_CAPTURE_AUTORELEASING = YES;
				CLANG_WARN_BOOL_CONVERSION = YES;
				CLANG_WARN_COMMA = YES;
				CLANG_WARN_CONSTANT_CONVERSION = YES;
				CLANG_WARN_DEPRECATED_OBJC_IMPLEMENTATIONS = YES;
				CLANG_WARN_DIRECT_OBJC_ISA_USAGE = YES_ERROR;
				CLANG_WARN_DOCUMENTATION_COMMENTS = YES;
				CLANG_WARN_EMPTY_BODY = YES;
				CLANG_WARN_ENUM_CONVERSION = YES;
				CLANG_WARN_INFINITE_RECURSION = YES;
				CLANG_WARN_INT_CONVERSION = YES;
				CLANG_WARN_NON_LITERAL_NULL_CONVERSION = YES;
				CLANG_WARN_OBJC_IMPLICIT_RETAIN_SELF = YES;
				CLANG_WARN_OBJC_LITERAL_CONVERSION = YES;
				CLANG_WARN_OBJC_ROOT_CLASS = YES_ERROR;
				CLANG_WARN_RANGE_LOOP_ANALYSIS = YES;
				CLANG_WARN_STRICT_PROTOTYPES = YES;
				CLANG_WARN_SUSPICIOUS_MOVE = YES;
				CLANG_WARN_UNGUARDED_AVAILABILITY = YES_AGGRESSIVE;
				CLANG_WARN_UNREACHABLE_CODE = YES;
				CLANG_WARN__DUPLICATE_METHOD_MATCH = YES;
				COPY_PHASE_STRIP = NO;
				DEBUG_INFORMATION_FORMAT = dwarf;
				ENABLE_STRICT_OBJC_MSGSEND = YES;
				ENABLE_TESTABILITY = YES;
				GCC_C_LANGUAGE_STANDARD = gnu11;
				GCC_DYNAMIC_NO_PIC = NO;
				GCC_NO_COMMON_BLOCKS = YES;
				GCC_OPTIMIZATION_LEVEL = 0;
				GCC_PREPROCESSOR_DEFINITIONS = (
					"DEBUG=1",
					"$(inherited)",
				);
				GCC_WARN_64_TO_32_BIT_CONVERSION = YES;
				GCC_WARN_ABOUT_RETURN_TYPE = YES_ERROR;
				GCC_WARN_UNDECLARED_SELECTOR = YES;
				GCC_WARN_UNINITIALIZED_AUTOS = YES_AGGRESSIVE;
				GCC_WARN_UNUSED_FUNCTION = YES;
				GCC_WARN_UNUSED_VARIABLE = YES;
				IPHONEOS_DEPLOYMENT_TARGET = 13.2;
				MTL_ENABLE_DEBUG_INFO = INCLUDE_SOURCE;
				MTL_FAST_MATH = YES;
				ONLY_ACTIVE_ARCH = YES;
				SDKROOT = iphoneos;
				SWIFT_ACTIVE_COMPILATION_CONDITIONS = DEBUG;
				SWIFT_OPTIMIZATION_LEVEL = "-Onone";
			};
			name = Debug;
		};
		DEFFA7B823C6634B0084B78F /* Release */ = {
			isa = XCBuildConfiguration;
			buildSettings = {
				ALWAYS_SEARCH_USER_PATHS = NO;
				CLANG_ANALYZER_NONNULL = YES;
				CLANG_ANALYZER_NUMBER_OBJECT_CONVERSION = YES_AGGRESSIVE;
				CLANG_CXX_LANGUAGE_STANDARD = "gnu++14";
				CLANG_CXX_LIBRARY = "libc++";
				CLANG_ENABLE_MODULES = YES;
				CLANG_ENABLE_OBJC_ARC = YES;
				CLANG_ENABLE_OBJC_WEAK = YES;
				CLANG_WARN_BLOCK_CAPTURE_AUTORELEASING = YES;
				CLANG_WARN_BOOL_CONVERSION = YES;
				CLANG_WARN_COMMA = YES;
				CLANG_WARN_CONSTANT_CONVERSION = YES;
				CLANG_WARN_DEPRECATED_OBJC_IMPLEMENTATIONS = YES;
				CLANG_WARN_DIRECT_OBJC_ISA_USAGE = YES_ERROR;
				CLANG_WARN_DOCUMENTATION_COMMENTS = YES;
				CLANG_WARN_EMPTY_BODY = YES;
				CLANG_WARN_ENUM_CONVERSION = YES;
				CLANG_WARN_INFINITE_RECURSION = YES;
				CLANG_WARN_INT_CONVERSION = YES;
				CLANG_WARN_NON_LITERAL_NULL_CONVERSION = YES;
				CLANG_WARN_OBJC_IMPLICIT_RETAIN_SELF = YES;
				CLANG_WARN_OBJC_LITERAL_CONVERSION = YES;
				CLANG_WARN_OBJC_ROOT_CLASS = YES_ERROR;
				CLANG_WARN_RANGE_LOOP_ANALYSIS = YES;
				CLANG_WARN_STRICT_PROTOTYPES = YES;
				CLANG_WARN_SUSPICIOUS_MOVE = YES;
				CLANG_WARN_UNGUARDED_AVAILABILITY = YES_AGGRESSIVE;
				CLANG_WARN_UNREACHABLE_CODE = YES;
				CLANG_WARN__DUPLICATE_METHOD_MATCH = YES;
				COPY_PHASE_STRIP = NO;
				DEBUG_INFORMATION_FORMAT = "dwarf-with-dsym";
				ENABLE_NS_ASSERTIONS = NO;
				ENABLE_STRICT_OBJC_MSGSEND = YES;
				GCC_C_LANGUAGE_STANDARD = gnu11;
				GCC_NO_COMMON_BLOCKS = YES;
				GCC_WARN_64_TO_32_BIT_CONVERSION = YES;
				GCC_WARN_ABOUT_RETURN_TYPE = YES_ERROR;
				GCC_WARN_UNDECLARED_SELECTOR = YES;
				GCC_WARN_UNINITIALIZED_AUTOS = YES_AGGRESSIVE;
				GCC_WARN_UNUSED_FUNCTION = YES;
				GCC_WARN_UNUSED_VARIABLE = YES;
				IPHONEOS_DEPLOYMENT_TARGET = 13.2;
				MTL_ENABLE_DEBUG_INFO = NO;
				MTL_FAST_MATH = YES;
				SDKROOT = iphoneos;
				SWIFT_COMPILATION_MODE = wholemodule;
				SWIFT_OPTIMIZATION_LEVEL = "-O";
				VALIDATE_PRODUCT = YES;
			};
			name = Release;
		};
		DEFFA7BA23C6634B0084B78F /* Debug */ = {
			isa = XCBuildConfiguration;
			buildSettings = {
				ASSETCATALOG_COMPILER_APPICON_NAME = AppIcon;
				CODE_SIGN_STYLE = Automatic;
				DEVELOPMENT_TEAM = C7A99665E6;
				INFOPLIST_FILE = DiceBaseball/Info.plist;
				LD_RUNPATH_SEARCH_PATHS = (
					"$(inherited)",
					"@executable_path/Frameworks",
				);
				PRODUCT_BUNDLE_IDENTIFIER = GradyV.DiceBaseball;
				PRODUCT_NAME = "$(TARGET_NAME)";
				SWIFT_VERSION = 5.0;
				TARGETED_DEVICE_FAMILY = "1,2";
			};
			name = Debug;
		};
		DEFFA7BB23C6634B0084B78F /* Release */ = {
			isa = XCBuildConfiguration;
			buildSettings = {
				ASSETCATALOG_COMPILER_APPICON_NAME = AppIcon;
				CODE_SIGN_STYLE = Automatic;
				DEVELOPMENT_TEAM = C7A99665E6;
				INFOPLIST_FILE = DiceBaseball/Info.plist;
				LD_RUNPATH_SEARCH_PATHS = (
					"$(inherited)",
					"@executable_path/Frameworks",
				);
				PRODUCT_BUNDLE_IDENTIFIER = GradyV.DiceBaseball;
				PRODUCT_NAME = "$(TARGET_NAME)";
				SWIFT_VERSION = 5.0;
				TARGETED_DEVICE_FAMILY = "1,2";
			};
			name = Release;
		};
/* End XCBuildConfiguration section */

/* Begin XCConfigurationList section */
		DEFFA7A023C6634A0084B78F /* Build configuration list for PBXProject "DiceBaseball" */ = {
			isa = XCConfigurationList;
			buildConfigurations = (
				DEFFA7B723C6634B0084B78F /* Debug */,
				DEFFA7B823C6634B0084B78F /* Release */,
			);
			defaultConfigurationIsVisible = 0;
			defaultConfigurationName = Release;
		};
		DEFFA7B923C6634B0084B78F /* Build configuration list for PBXNativeTarget "DiceBaseball" */ = {
			isa = XCConfigurationList;
			buildConfigurations = (
				DEFFA7BA23C6634B0084B78F /* Debug */,
				DEFFA7BB23C6634B0084B78F /* Release */,
			);
			defaultConfigurationIsVisible = 0;
			defaultConfigurationName = Release;
		};
/* End XCConfigurationList section */
	};
	rootObject = DEFFA79D23C6634A0084B78F /* Project object */;
}
